// !$*UTF8*$!
{
	archiveVersion = 1;
	classes = {
	};
	objectVersion = 77;
	objects = {

/* Begin PBXBuildFile section */
		196C57452EA7F5DC00188F4B /* location_simulation.cpp in Sources */ = {isa = PBXBuildFile; fileRef = 196C56B42EA7F53000188F4B /* location_simulation.cpp */; };
		196C57462EA7F5DC00188F4B /* process_control.cpp in Sources */ = {isa = PBXBuildFile; fileRef = 196C56B52EA7F53000188F4B /* process_control.cpp */; };
		196C57472EA7F5DC00188F4B /* remote_server.cpp in Sources */ = {isa = PBXBuildFile; fileRef = 196C56B62EA7F53000188F4B /* remote_server.cpp */; };
		196C57482EA7F5DC00188F4B /* screenshot.cpp in Sources */ = {isa = PBXBuildFile; fileRef = 196C56B72EA7F53000188F4B /* screenshot.cpp */; };
		196C57492EA7F5DC00188F4B /* adapter_stream.cpp in Sources */ = {isa = PBXBuildFile; fileRef = 196C56B92EA7F53000188F4B /* adapter_stream.cpp */; };
		196C574A2EA7F5DC00188F4B /* app_service.cpp in Sources */ = {isa = PBXBuildFile; fileRef = 196C56BA2EA7F53000188F4B /* app_service.cpp */; };
		196C574B2EA7F5DC00188F4B /* core_device.cpp in Sources */ = {isa = PBXBuildFile; fileRef = 196C56BB2EA7F53000188F4B /* core_device.cpp */; };
		196C574C2EA7F5DC00188F4B /* debug_proxy.cpp in Sources */ = {isa = PBXBuildFile; fileRef = 196C56BC2EA7F53000188F4B /* debug_proxy.cpp */; };
		196C574D2EA7F5DC00188F4B /* diagnosticsservice.cpp in Sources */ = {isa = PBXBuildFile; fileRef = 196C56BD2EA7F53000188F4B /* diagnosticsservice.cpp */; };
		196C574E2EA7F5DC00188F4B /* ffi.cpp in Sources */ = {isa = PBXBuildFile; fileRef = 196C56BE2EA7F53000188F4B /* ffi.cpp */; };
		196C574F2EA7F5DC00188F4B /* heartbeat.cpp in Sources */ = {isa = PBXBuildFile; fileRef = 196C56BF2EA7F53000188F4B /* heartbeat.cpp */; };
		196C57502EA7F5DC00188F4B /* idevice.cpp in Sources */ = {isa = PBXBuildFile; fileRef = 196C56C02EA7F53000188F4B /* idevice.cpp */; };
		196C57512EA7F5DC00188F4B /* installation_proxy.cpp in Sources */ = {isa = PBXBuildFile; fileRef = 196C56C12EA7F53000188F4B /* installation_proxy.cpp */; };
		196C57522EA7F5DC00188F4B /* lockdown.cpp in Sources */ = {isa = PBXBuildFile; fileRef = 196C56C22EA7F53000188F4B /* lockdown.cpp */; };
		196C57532EA7F5DC00188F4B /* mobile_image_mounter.cpp in Sources */ = {isa = PBXBuildFile; fileRef = 196C56C32EA7F53000188F4B /* mobile_image_mounter.cpp */; };
		196C57542EA7F5DC00188F4B /* pairing_file.cpp in Sources */ = {isa = PBXBuildFile; fileRef = 196C56C42EA7F53000188F4B /* pairing_file.cpp */; };
		196C57552EA7F5DC00188F4B /* provider.cpp in Sources */ = {isa = PBXBuildFile; fileRef = 196C56C52EA7F53000188F4B /* provider.cpp */; };
		196C57562EA7F5DC00188F4B /* rsd.cpp in Sources */ = {isa = PBXBuildFile; fileRef = 196C56C62EA7F53000188F4B /* rsd.cpp */; };
		196C57572EA7F5DC00188F4B /* tcp_callback_feeder.cpp in Sources */ = {isa = PBXBuildFile; fileRef = 196C56C72EA7F53000188F4B /* tcp_callback_feeder.cpp */; };
		196C57582EA7F5DC00188F4B /* usbmuxd.cpp in Sources */ = {isa = PBXBuildFile; fileRef = 196C56C82EA7F53000188F4B /* usbmuxd.cpp */; };
		196C57592EA7F5F400188F4B /* location_simulation.hpp in Headers */ = {isa = PBXBuildFile; fileRef = 196C56DE2EA7F54900188F4B /* location_simulation.hpp */; };
		196C575A2EA7F5F400188F4B /* process_control.hpp in Headers */ = {isa = PBXBuildFile; fileRef = 196C56DF2EA7F54900188F4B /* process_control.hpp */; };
		196C575B2EA7F5F400188F4B /* remote_server.hpp in Headers */ = {isa = PBXBuildFile; fileRef = 196C56E02EA7F54900188F4B /* remote_server.hpp */; };
		196C575C2EA7F5F400188F4B /* screenshot.hpp in Headers */ = {isa = PBXBuildFile; fileRef = 196C56E12EA7F54900188F4B /* screenshot.hpp */; };
		196C575D2EA7F5F400188F4B /* adapter_stream.hpp in Headers */ = {isa = PBXBuildFile; fileRef = 196C56E32EA7F54900188F4B /* adapter_stream.hpp */; };
		196C575E2EA7F5F400188F4B /* app_service.hpp in Headers */ = {isa = PBXBuildFile; fileRef = 196C56E42EA7F54900188F4B /* app_service.hpp */; };
		196C575F2EA7F5F400188F4B /* bindings.hpp in Headers */ = {isa = PBXBuildFile; fileRef = 196C56E52EA7F54900188F4B /* bindings.hpp */; };
		196C57602EA7F5F400188F4B /* core_device_proxy.hpp in Headers */ = {isa = PBXBuildFile; fileRef = 196C56E62EA7F54900188F4B /* core_device_proxy.hpp */; };
		196C57612EA7F5F400188F4B /* debug_proxy.hpp in Headers */ = {isa = PBXBuildFile; fileRef = 196C56E72EA7F54900188F4B /* debug_proxy.hpp */; };
		196C57622EA7F5F400188F4B /* diagnosticsservice.hpp in Headers */ = {isa = PBXBuildFile; fileRef = 196C56E82EA7F54900188F4B /* diagnosticsservice.hpp */; };
		196C57632EA7F5F400188F4B /* ffi.hpp in Headers */ = {isa = PBXBuildFile; fileRef = 196C56E92EA7F54900188F4B /* ffi.hpp */; };
		196C57642EA7F5F400188F4B /* heartbeat.hpp in Headers */ = {isa = PBXBuildFile; fileRef = 196C56EA2EA7F54900188F4B /* heartbeat.hpp */; };
		196C57652EA7F5F400188F4B /* idevice.hpp in Headers */ = {isa = PBXBuildFile; fileRef = 196C56EB2EA7F54900188F4B /* idevice.hpp */; };
		196C57662EA7F5F400188F4B /* installation_proxy.hpp in Headers */ = {isa = PBXBuildFile; fileRef = 196C56EC2EA7F54900188F4B /* installation_proxy.hpp */; };
		196C57672EA7F5F400188F4B /* lockdown.hpp in Headers */ = {isa = PBXBuildFile; fileRef = 196C56ED2EA7F54900188F4B /* lockdown.hpp */; };
		196C57682EA7F5F400188F4B /* mobile_image_mounter.hpp in Headers */ = {isa = PBXBuildFile; fileRef = 196C56EE2EA7F54900188F4B /* mobile_image_mounter.hpp */; };
		196C57692EA7F5F400188F4B /* option.hpp in Headers */ = {isa = PBXBuildFile; fileRef = 196C56EF2EA7F54900188F4B /* option.hpp */; };
		196C576A2EA7F5F400188F4B /* pairing_file.hpp in Headers */ = {isa = PBXBuildFile; fileRef = 196C56F02EA7F54900188F4B /* pairing_file.hpp */; };
		196C576B2EA7F5F400188F4B /* provider.hpp in Headers */ = {isa = PBXBuildFile; fileRef = 196C56F12EA7F54900188F4B /* provider.hpp */; };
		196C576C2EA7F5F400188F4B /* readwrite.hpp in Headers */ = {isa = PBXBuildFile; fileRef = 196C56F22EA7F54900188F4B /* readwrite.hpp */; };
		196C576D2EA7F5F400188F4B /* result.hpp in Headers */ = {isa = PBXBuildFile; fileRef = 196C56F32EA7F54900188F4B /* result.hpp */; };
		196C576E2EA7F5F400188F4B /* rsd.hpp in Headers */ = {isa = PBXBuildFile; fileRef = 196C56F42EA7F54900188F4B /* rsd.hpp */; };
		196C576F2EA7F5F400188F4B /* tcp_object_stack.hpp in Headers */ = {isa = PBXBuildFile; fileRef = 196C56F52EA7F54900188F4B /* tcp_object_stack.hpp */; };
		196C57702EA7F5F400188F4B /* usbmuxd.hpp in Headers */ = {isa = PBXBuildFile; fileRef = 196C56F62EA7F54900188F4B /* usbmuxd.hpp */; };
		196C57712EA7F5F400188F4B /* idevice.h in Headers */ = {isa = PBXBuildFile; fileRef = 196C56F82EA7F54900188F4B /* idevice.h */; };
		198077DF2E5CCA2900CB501E /* libidevice_ffi.a in Frameworks */ = {isa = PBXBuildFile; fileRef = 198077DB2E5CC33000CB501E /* libidevice_ffi.a */; };
/* End PBXBuildFile section */

/* Begin PBXFileReference section */
		196C56B42EA7F53000188F4B /* location_simulation.cpp */ = {isa = PBXFileReference; lastKnownFileType = sourcecode.cpp.cpp; path = location_simulation.cpp; sourceTree = "<group>"; };
		196C56B52EA7F53000188F4B /* process_control.cpp */ = {isa = PBXFileReference; lastKnownFileType = sourcecode.cpp.cpp; path = process_control.cpp; sourceTree = "<group>"; };
		196C56B62EA7F53000188F4B /* remote_server.cpp */ = {isa = PBXFileReference; lastKnownFileType = sourcecode.cpp.cpp; path = remote_server.cpp; sourceTree = "<group>"; };
		196C56B72EA7F53000188F4B /* screenshot.cpp */ = {isa = PBXFileReference; lastKnownFileType = sourcecode.cpp.cpp; path = screenshot.cpp; sourceTree = "<group>"; };
		196C56B92EA7F53000188F4B /* adapter_stream.cpp */ = {isa = PBXFileReference; lastKnownFileType = sourcecode.cpp.cpp; path = adapter_stream.cpp; sourceTree = "<group>"; };
		196C56BA2EA7F53000188F4B /* app_service.cpp */ = {isa = PBXFileReference; lastKnownFileType = sourcecode.cpp.cpp; path = app_service.cpp; sourceTree = "<group>"; };
		196C56BB2EA7F53000188F4B /* core_device.cpp */ = {isa = PBXFileReference; lastKnownFileType = sourcecode.cpp.cpp; path = core_device.cpp; sourceTree = "<group>"; };
		196C56BC2EA7F53000188F4B /* debug_proxy.cpp */ = {isa = PBXFileReference; lastKnownFileType = sourcecode.cpp.cpp; path = debug_proxy.cpp; sourceTree = "<group>"; };
		196C56BD2EA7F53000188F4B /* diagnosticsservice.cpp */ = {isa = PBXFileReference; lastKnownFileType = sourcecode.cpp.cpp; path = diagnosticsservice.cpp; sourceTree = "<group>"; };
		196C56BE2EA7F53000188F4B /* ffi.cpp */ = {isa = PBXFileReference; lastKnownFileType = sourcecode.cpp.cpp; path = ffi.cpp; sourceTree = "<group>"; };
		196C56BF2EA7F53000188F4B /* heartbeat.cpp */ = {isa = PBXFileReference; lastKnownFileType = sourcecode.cpp.cpp; path = heartbeat.cpp; sourceTree = "<group>"; };
		196C56C02EA7F53000188F4B /* idevice.cpp */ = {isa = PBXFileReference; lastKnownFileType = sourcecode.cpp.cpp; path = idevice.cpp; sourceTree = "<group>"; };
		196C56C12EA7F53000188F4B /* installation_proxy.cpp */ = {isa = PBXFileReference; lastKnownFileType = sourcecode.cpp.cpp; path = installation_proxy.cpp; sourceTree = "<group>"; };
		196C56C22EA7F53000188F4B /* lockdown.cpp */ = {isa = PBXFileReference; lastKnownFileType = sourcecode.cpp.cpp; path = lockdown.cpp; sourceTree = "<group>"; };
		196C56C32EA7F53000188F4B /* mobile_image_mounter.cpp */ = {isa = PBXFileReference; lastKnownFileType = sourcecode.cpp.cpp; path = mobile_image_mounter.cpp; sourceTree = "<group>"; };
		196C56C42EA7F53000188F4B /* pairing_file.cpp */ = {isa = PBXFileReference; lastKnownFileType = sourcecode.cpp.cpp; path = pairing_file.cpp; sourceTree = "<group>"; };
		196C56C52EA7F53000188F4B /* provider.cpp */ = {isa = PBXFileReference; lastKnownFileType = sourcecode.cpp.cpp; path = provider.cpp; sourceTree = "<group>"; };
		196C56C62EA7F53000188F4B /* rsd.cpp */ = {isa = PBXFileReference; lastKnownFileType = sourcecode.cpp.cpp; path = rsd.cpp; sourceTree = "<group>"; };
		196C56C72EA7F53000188F4B /* tcp_callback_feeder.cpp */ = {isa = PBXFileReference; lastKnownFileType = sourcecode.cpp.cpp; path = tcp_callback_feeder.cpp; sourceTree = "<group>"; };
		196C56C82EA7F53000188F4B /* usbmuxd.cpp */ = {isa = PBXFileReference; lastKnownFileType = sourcecode.cpp.cpp; path = usbmuxd.cpp; sourceTree = "<group>"; };
		196C56DE2EA7F54900188F4B /* location_simulation.hpp */ = {isa = PBXFileReference; lastKnownFileType = sourcecode.cpp.h; path = location_simulation.hpp; sourceTree = "<group>"; };
		196C56DF2EA7F54900188F4B /* process_control.hpp */ = {isa = PBXFileReference; lastKnownFileType = sourcecode.cpp.h; path = process_control.hpp; sourceTree = "<group>"; };
		196C56E02EA7F54900188F4B /* remote_server.hpp */ = {isa = PBXFileReference; lastKnownFileType = sourcecode.cpp.h; path = remote_server.hpp; sourceTree = "<group>"; };
		196C56E12EA7F54900188F4B /* screenshot.hpp */ = {isa = PBXFileReference; lastKnownFileType = sourcecode.cpp.h; path = screenshot.hpp; sourceTree = "<group>"; };
		196C56E32EA7F54900188F4B /* adapter_stream.hpp */ = {isa = PBXFileReference; lastKnownFileType = sourcecode.cpp.h; path = adapter_stream.hpp; sourceTree = "<group>"; };
		196C56E42EA7F54900188F4B /* app_service.hpp */ = {isa = PBXFileReference; lastKnownFileType = sourcecode.cpp.h; path = app_service.hpp; sourceTree = "<group>"; };
		196C56E52EA7F54900188F4B /* bindings.hpp */ = {isa = PBXFileReference; lastKnownFileType = sourcecode.cpp.h; path = bindings.hpp; sourceTree = "<group>"; };
		196C56E62EA7F54900188F4B /* core_device_proxy.hpp */ = {isa = PBXFileReference; lastKnownFileType = sourcecode.cpp.h; path = core_device_proxy.hpp; sourceTree = "<group>"; };
		196C56E72EA7F54900188F4B /* debug_proxy.hpp */ = {isa = PBXFileReference; lastKnownFileType = sourcecode.cpp.h; path = debug_proxy.hpp; sourceTree = "<group>"; };
		196C56E82EA7F54900188F4B /* diagnosticsservice.hpp */ = {isa = PBXFileReference; lastKnownFileType = sourcecode.cpp.h; path = diagnosticsservice.hpp; sourceTree = "<group>"; };
		196C56E92EA7F54900188F4B /* ffi.hpp */ = {isa = PBXFileReference; lastKnownFileType = sourcecode.cpp.h; path = ffi.hpp; sourceTree = "<group>"; };
		196C56EA2EA7F54900188F4B /* heartbeat.hpp */ = {isa = PBXFileReference; lastKnownFileType = sourcecode.cpp.h; path = heartbeat.hpp; sourceTree = "<group>"; };
		196C56EB2EA7F54900188F4B /* idevice.hpp */ = {isa = PBXFileReference; lastKnownFileType = sourcecode.cpp.h; path = idevice.hpp; sourceTree = "<group>"; };
		196C56EC2EA7F54900188F4B /* installation_proxy.hpp */ = {isa = PBXFileReference; lastKnownFileType = sourcecode.cpp.h; path = installation_proxy.hpp; sourceTree = "<group>"; };
		196C56ED2EA7F54900188F4B /* lockdown.hpp */ = {isa = PBXFileReference; lastKnownFileType = sourcecode.cpp.h; path = lockdown.hpp; sourceTree = "<group>"; };
		196C56EE2EA7F54900188F4B /* mobile_image_mounter.hpp */ = {isa = PBXFileReference; lastKnownFileType = sourcecode.cpp.h; path = mobile_image_mounter.hpp; sourceTree = "<group>"; };
		196C56EF2EA7F54900188F4B /* option.hpp */ = {isa = PBXFileReference; lastKnownFileType = sourcecode.cpp.h; path = option.hpp; sourceTree = "<group>"; };
		196C56F02EA7F54900188F4B /* pairing_file.hpp */ = {isa = PBXFileReference; lastKnownFileType = sourcecode.cpp.h; path = pairing_file.hpp; sourceTree = "<group>"; };
		196C56F12EA7F54900188F4B /* provider.hpp */ = {isa = PBXFileReference; lastKnownFileType = sourcecode.cpp.h; path = provider.hpp; sourceTree = "<group>"; };
		196C56F22EA7F54900188F4B /* readwrite.hpp */ = {isa = PBXFileReference; lastKnownFileType = sourcecode.cpp.h; path = readwrite.hpp; sourceTree = "<group>"; };
		196C56F32EA7F54900188F4B /* result.hpp */ = {isa = PBXFileReference; lastKnownFileType = sourcecode.cpp.h; path = result.hpp; sourceTree = "<group>"; };
		196C56F42EA7F54900188F4B /* rsd.hpp */ = {isa = PBXFileReference; lastKnownFileType = sourcecode.cpp.h; path = rsd.hpp; sourceTree = "<group>"; };
		196C56F52EA7F54900188F4B /* tcp_object_stack.hpp */ = {isa = PBXFileReference; lastKnownFileType = sourcecode.cpp.h; path = tcp_object_stack.hpp; sourceTree = "<group>"; };
		196C56F62EA7F54900188F4B /* usbmuxd.hpp */ = {isa = PBXFileReference; lastKnownFileType = sourcecode.cpp.h; path = usbmuxd.hpp; sourceTree = "<group>"; };
		196C56F82EA7F54900188F4B /* idevice.h */ = {isa = PBXFileReference; lastKnownFileType = sourcecode.c.h; path = idevice.h; sourceTree = "<group>"; };
		1980778F2E5CA6C700CB501E /* libidevice++.a */ = {isa = PBXFileReference; explicitFileType = archive.ar; includeInIndex = 0; path = "libidevice++.a"; sourceTree = BUILT_PRODUCTS_DIR; };
		198077DB2E5CC33000CB501E /* libidevice_ffi.a */ = {isa = PBXFileReference; lastKnownFileType = archive.ar; name = libidevice_ffi.a; path = "${DESTINATION_PATH}/libidevice_ffi.a"; sourceTree = "<group>"; };
		198077E02E5CD49200CB501E /* xcode_build_rust.sh */ = {isa = PBXFileReference; lastKnownFileType = text.script.sh; path = xcode_build_rust.sh; sourceTree = "<group>"; };
/* End PBXFileReference section */

/* Begin PBXFrameworksBuildPhase section */
		1980778D2E5CA6C700CB501E /* Frameworks */ = {
			isa = PBXFrameworksBuildPhase;
			buildActionMask = 2147483647;
			files = (
				198077DF2E5CCA2900CB501E /* libidevice_ffi.a in Frameworks */,
			);
			runOnlyForDeploymentPostprocessing = 0;
		};
/* End PBXFrameworksBuildPhase section */

/* Begin PBXGroup section */
		196C56B82EA7F53000188F4B /* dvt */ = {
			isa = PBXGroup;
			children = (
				196C56B42EA7F53000188F4B /* location_simulation.cpp */,
				196C56B52EA7F53000188F4B /* process_control.cpp */,
				196C56B62EA7F53000188F4B /* remote_server.cpp */,
				196C56B72EA7F53000188F4B /* screenshot.cpp */,
			);
			path = dvt;
			sourceTree = "<group>";
		};
		196C56C92EA7F53000188F4B /* src */ = {
			isa = PBXGroup;
			children = (
				196C56B82EA7F53000188F4B /* dvt */,
				196C56B92EA7F53000188F4B /* adapter_stream.cpp */,
				196C56BA2EA7F53000188F4B /* app_service.cpp */,
				196C56BB2EA7F53000188F4B /* core_device.cpp */,
				196C56BC2EA7F53000188F4B /* debug_proxy.cpp */,
				196C56BD2EA7F53000188F4B /* diagnosticsservice.cpp */,
				196C56BE2EA7F53000188F4B /* ffi.cpp */,
				196C56BF2EA7F53000188F4B /* heartbeat.cpp */,
				196C56C02EA7F53000188F4B /* idevice.cpp */,
				196C56C12EA7F53000188F4B /* installation_proxy.cpp */,
				196C56C22EA7F53000188F4B /* lockdown.cpp */,
				196C56C32EA7F53000188F4B /* mobile_image_mounter.cpp */,
				196C56C42EA7F53000188F4B /* pairing_file.cpp */,
				196C56C52EA7F53000188F4B /* provider.cpp */,
				196C56C62EA7F53000188F4B /* rsd.cpp */,
				196C56C72EA7F53000188F4B /* tcp_callback_feeder.cpp */,
				196C56C82EA7F53000188F4B /* usbmuxd.cpp */,
			);
			path = src;
			sourceTree = "<group>";
		};
		196C56E22EA7F54900188F4B /* dvt */ = {
			isa = PBXGroup;
			children = (
				196C56DE2EA7F54900188F4B /* location_simulation.hpp */,
				196C56DF2EA7F54900188F4B /* process_control.hpp */,
				196C56E02EA7F54900188F4B /* remote_server.hpp */,
				196C56E12EA7F54900188F4B /* screenshot.hpp */,
			);
			path = dvt;
			sourceTree = "<group>";
		};
		196C56F72EA7F54900188F4B /* idevice++ */ = {
			isa = PBXGroup;
			children = (
				196C56E22EA7F54900188F4B /* dvt */,
				196C56E32EA7F54900188F4B /* adapter_stream.hpp */,
				196C56E42EA7F54900188F4B /* app_service.hpp */,
				196C56E52EA7F54900188F4B /* bindings.hpp */,
				196C56E62EA7F54900188F4B /* core_device_proxy.hpp */,
				196C56E72EA7F54900188F4B /* debug_proxy.hpp */,
				196C56E82EA7F54900188F4B /* diagnosticsservice.hpp */,
				196C56E92EA7F54900188F4B /* ffi.hpp */,
				196C56EA2EA7F54900188F4B /* heartbeat.hpp */,
				196C56EB2EA7F54900188F4B /* idevice.hpp */,
				196C56EC2EA7F54900188F4B /* installation_proxy.hpp */,
				196C56ED2EA7F54900188F4B /* lockdown.hpp */,
				196C56EE2EA7F54900188F4B /* mobile_image_mounter.hpp */,
				196C56EF2EA7F54900188F4B /* option.hpp */,
				196C56F02EA7F54900188F4B /* pairing_file.hpp */,
				196C56F12EA7F54900188F4B /* provider.hpp */,
				196C56F22EA7F54900188F4B /* readwrite.hpp */,
				196C56F32EA7F54900188F4B /* result.hpp */,
				196C56F42EA7F54900188F4B /* rsd.hpp */,
				196C56F52EA7F54900188F4B /* tcp_object_stack.hpp */,
				196C56F62EA7F54900188F4B /* usbmuxd.hpp */,
			);
			path = "idevice++";
			sourceTree = "<group>";
		};
		196C56F92EA7F54900188F4B /* include */ = {
			isa = PBXGroup;
			children = (
				196C56F72EA7F54900188F4B /* idevice++ */,
				196C56F82EA7F54900188F4B /* idevice.h */,
			);
			path = include;
			sourceTree = "<group>";
		};
		198077562E5CA62F00CB501E = {
			isa = PBXGroup;
			children = (
				196C56C92EA7F53000188F4B /* src */,
				196C56F92EA7F54900188F4B /* include */,
				198077612E5CA62F00CB501E /* Products */,
				198077D92E5CC31100CB501E /* Frameworks */,
				198077E02E5CD49200CB501E /* xcode_build_rust.sh */,
			);
			sourceTree = "<group>";
		};
		198077612E5CA62F00CB501E /* Products */ = {
			isa = PBXGroup;
			children = (
				1980778F2E5CA6C700CB501E /* libidevice++.a */,
			);
			name = Products;
			sourceTree = "<group>";
		};
		198077D92E5CC31100CB501E /* Frameworks */ = {
			isa = PBXGroup;
			children = (
				198077DB2E5CC33000CB501E /* libidevice_ffi.a */,
			);
			name = Frameworks;
			sourceTree = "<group>";
		};
/* End PBXGroup section */

/* Begin PBXHeadersBuildPhase section */
		1980778B2E5CA6C700CB501E /* Headers */ = {
			isa = PBXHeadersBuildPhase;
			buildActionMask = 2147483647;
			files = (
				196C57592EA7F5F400188F4B /* location_simulation.hpp in Headers */,
				196C575A2EA7F5F400188F4B /* process_control.hpp in Headers */,
				196C575B2EA7F5F400188F4B /* remote_server.hpp in Headers */,
				196C575C2EA7F5F400188F4B /* screenshot.hpp in Headers */,
				196C575D2EA7F5F400188F4B /* adapter_stream.hpp in Headers */,
				196C575E2EA7F5F400188F4B /* app_service.hpp in Headers */,
				196C575F2EA7F5F400188F4B /* bindings.hpp in Headers */,
				196C57602EA7F5F400188F4B /* core_device_proxy.hpp in Headers */,
				196C57612EA7F5F400188F4B /* debug_proxy.hpp in Headers */,
				196C57622EA7F5F400188F4B /* diagnosticsservice.hpp in Headers */,
				196C57632EA7F5F400188F4B /* ffi.hpp in Headers */,
				196C57642EA7F5F400188F4B /* heartbeat.hpp in Headers */,
				196C57652EA7F5F400188F4B /* idevice.hpp in Headers */,
				196C57662EA7F5F400188F4B /* installation_proxy.hpp in Headers */,
				196C57672EA7F5F400188F4B /* lockdown.hpp in Headers */,
				196C57682EA7F5F400188F4B /* mobile_image_mounter.hpp in Headers */,
				196C57692EA7F5F400188F4B /* option.hpp in Headers */,
				196C576A2EA7F5F400188F4B /* pairing_file.hpp in Headers */,
				196C576B2EA7F5F400188F4B /* provider.hpp in Headers */,
				196C576C2EA7F5F400188F4B /* readwrite.hpp in Headers */,
				196C576D2EA7F5F400188F4B /* result.hpp in Headers */,
				196C576E2EA7F5F400188F4B /* rsd.hpp in Headers */,
				196C576F2EA7F5F400188F4B /* tcp_object_stack.hpp in Headers */,
				196C57702EA7F5F400188F4B /* usbmuxd.hpp in Headers */,
				196C57712EA7F5F400188F4B /* idevice.h in Headers */,
			);
			runOnlyForDeploymentPostprocessing = 0;
		};
/* End PBXHeadersBuildPhase section */

/* Begin PBXNativeTarget section */
		1980778E2E5CA6C700CB501E /* idevice++ */ = {
			isa = PBXNativeTarget;
			buildConfigurationList = 198077902E5CA6C700CB501E /* Build configuration list for PBXNativeTarget "idevice++" */;
			buildPhases = (
				198077E22E5CD4C900CB501E /* ShellScript */,
				1980778B2E5CA6C700CB501E /* Headers */,
				1980778C2E5CA6C700CB501E /* Sources */,
				1980778D2E5CA6C700CB501E /* Frameworks */,
			);
			buildRules = (
			);
			dependencies = (
			);
			name = "idevice++";
			packageProductDependencies = (
			);
			productName = "idevice++";
			productReference = 1980778F2E5CA6C700CB501E /* libidevice++.a */;
			productType = "com.apple.product-type.library.static";
		};
/* End PBXNativeTarget section */

/* Begin PBXProject section */
		198077572E5CA62F00CB501E /* Project object */ = {
			isa = PBXProject;
			attributes = {
				BuildIndependentTargetsInParallel = 1;
				LastSwiftUpdateCheck = 1640;
				LastUpgradeCheck = 1640;
				TargetAttributes = {
					1980778E2E5CA6C700CB501E = {
						CreatedOnToolsVersion = 16.4;
					};
				};
			};
			buildConfigurationList = 1980775A2E5CA62F00CB501E /* Build configuration list for PBXProject "idevice++" */;
			developmentRegion = en;
			hasScannedForEncodings = 0;
			knownRegions = (
				en,
				Base,
			);
			mainGroup = 198077562E5CA62F00CB501E;
			minimizedProjectReferenceProxies = 1;
			preferredProjectObjectVersion = 77;
			productRefGroup = 198077612E5CA62F00CB501E /* Products */;
			projectDirPath = "";
			projectRoot = "";
			targets = (
				1980778E2E5CA6C700CB501E /* idevice++ */,
			);
		};
/* End PBXProject section */

/* Begin PBXShellScriptBuildPhase section */
		198077E22E5CD4C900CB501E /* ShellScript */ = {
			isa = PBXShellScriptBuildPhase;
			buildActionMask = 2147483647;
			files = (
			);
			inputFileListPaths = (
			);
			inputPaths = (
			);
			outputFileListPaths = (
			);
			outputPaths = (
				"",
			);
			runOnlyForDeploymentPostprocessing = 0;
			shellPath = /bin/sh;
			shellScript = "#!/bin/sh\n./xcode_build_rust.sh\n";
		};
/* End PBXShellScriptBuildPhase section */

/* Begin PBXSourcesBuildPhase section */
		1980778C2E5CA6C700CB501E /* Sources */ = {
			isa = PBXSourcesBuildPhase;
			buildActionMask = 2147483647;
			files = (
				196C57452EA7F5DC00188F4B /* location_simulation.cpp in Sources */,
				196C57462EA7F5DC00188F4B /* process_control.cpp in Sources */,
				196C57472EA7F5DC00188F4B /* remote_server.cpp in Sources */,
				196C57482EA7F5DC00188F4B /* screenshot.cpp in Sources */,
				196C57492EA7F5DC00188F4B /* adapter_stream.cpp in Sources */,
				196C574A2EA7F5DC00188F4B /* app_service.cpp in Sources */,
				196C574B2EA7F5DC00188F4B /* core_device.cpp in Sources */,
				196C574C2EA7F5DC00188F4B /* debug_proxy.cpp in Sources */,
				196C574D2EA7F5DC00188F4B /* diagnosticsservice.cpp in Sources */,
				196C574E2EA7F5DC00188F4B /* ffi.cpp in Sources */,
				196C574F2EA7F5DC00188F4B /* heartbeat.cpp in Sources */,
				196C57502EA7F5DC00188F4B /* idevice.cpp in Sources */,
				196C57512EA7F5DC00188F4B /* installation_proxy.cpp in Sources */,
				196C57522EA7F5DC00188F4B /* lockdown.cpp in Sources */,
				196C57532EA7F5DC00188F4B /* mobile_image_mounter.cpp in Sources */,
				196C57542EA7F5DC00188F4B /* pairing_file.cpp in Sources */,
				196C57552EA7F5DC00188F4B /* provider.cpp in Sources */,
				196C57562EA7F5DC00188F4B /* rsd.cpp in Sources */,
				196C57572EA7F5DC00188F4B /* tcp_callback_feeder.cpp in Sources */,
				196C57582EA7F5DC00188F4B /* usbmuxd.cpp in Sources */,
			);
			runOnlyForDeploymentPostprocessing = 0;
		};
/* End PBXSourcesBuildPhase section */

/* Begin XCBuildConfiguration section */
		198077672E5CA63000CB501E /* Debug */ = {
			isa = XCBuildConfiguration;
			buildSettings = {
				ALWAYS_SEARCH_USER_PATHS = NO;
				ASSETCATALOG_COMPILER_GENERATE_SWIFT_ASSET_SYMBOL_EXTENSIONS = YES;
				CLANG_ANALYZER_NONNULL = YES;
				CLANG_ANALYZER_NUMBER_OBJECT_CONVERSION = YES_AGGRESSIVE;
				CLANG_CXX_LANGUAGE_STANDARD = "gnu++20";
				CLANG_ENABLE_MODULES = YES;
				CLANG_ENABLE_OBJC_ARC = YES;
				CLANG_ENABLE_OBJC_WEAK = YES;
				CLANG_WARN_BLOCK_CAPTURE_AUTORELEASING = YES;
				CLANG_WARN_BOOL_CONVERSION = YES;
				CLANG_WARN_COMMA = YES;
				CLANG_WARN_CONSTANT_CONVERSION = YES;
				CLANG_WARN_DEPRECATED_OBJC_IMPLEMENTATIONS = YES;
				CLANG_WARN_DIRECT_OBJC_ISA_USAGE = YES_ERROR;
				CLANG_WARN_DOCUMENTATION_COMMENTS = YES;
				CLANG_WARN_EMPTY_BODY = YES;
				CLANG_WARN_ENUM_CONVERSION = YES;
				CLANG_WARN_INFINITE_RECURSION = YES;
				CLANG_WARN_INT_CONVERSION = YES;
				CLANG_WARN_NON_LITERAL_NULL_CONVERSION = YES;
				CLANG_WARN_OBJC_IMPLICIT_RETAIN_SELF = YES;
				CLANG_WARN_OBJC_LITERAL_CONVERSION = YES;
				CLANG_WARN_OBJC_ROOT_CLASS = YES_ERROR;
				CLANG_WARN_QUOTED_INCLUDE_IN_FRAMEWORK_HEADER = YES;
				CLANG_WARN_RANGE_LOOP_ANALYSIS = YES;
				CLANG_WARN_STRICT_PROTOTYPES = YES;
				CLANG_WARN_SUSPICIOUS_MOVE = YES;
				CLANG_WARN_UNGUARDED_AVAILABILITY = YES_AGGRESSIVE;
				CLANG_WARN_UNREACHABLE_CODE = YES;
				CLANG_WARN__DUPLICATE_METHOD_MATCH = YES;
				COPY_PHASE_STRIP = NO;
				CURRENT_PROJECT_VERSION = 1;
				DEBUG_INFORMATION_FORMAT = dwarf;
				DEVELOPMENT_TEAM = 4FW3Q8784L;
				ENABLE_STRICT_OBJC_MSGSEND = YES;
				ENABLE_TESTABILITY = YES;
				ENABLE_USER_SCRIPT_SANDBOXING = NO;
				GCC_C_LANGUAGE_STANDARD = gnu17;
				GCC_DYNAMIC_NO_PIC = NO;
				GCC_NO_COMMON_BLOCKS = YES;
				GCC_OPTIMIZATION_LEVEL = 0;
				GCC_PREPROCESSOR_DEFINITIONS = (
					"DEBUG=1",
					"$(inherited)",
				);
				GCC_WARN_64_TO_32_BIT_CONVERSION = YES;
				GCC_WARN_ABOUT_RETURN_TYPE = YES_ERROR;
				GCC_WARN_UNDECLARED_SELECTOR = YES;
				GCC_WARN_UNINITIALIZED_AUTOS = YES_AGGRESSIVE;
				GCC_WARN_UNUSED_FUNCTION = YES;
				GCC_WARN_UNUSED_VARIABLE = YES;
				LOCALIZATION_PREFERS_STRING_CATALOGS = YES;
				MTL_ENABLE_DEBUG_INFO = INCLUDE_SOURCE;
				MTL_FAST_MATH = YES;
				ONLY_ACTIVE_ARCH = YES;
				SWIFT_ACTIVE_COMPILATION_CONDITIONS = "DEBUG $(inherited)";
				SWIFT_OPTIMIZATION_LEVEL = "-Onone";
				VERSIONING_SYSTEM = "apple-generic";
				VERSION_INFO_PREFIX = "";
			};
			name = Debug;
		};
		198077682E5CA63000CB501E /* Release */ = {
			isa = XCBuildConfiguration;
			buildSettings = {
				ALWAYS_SEARCH_USER_PATHS = NO;
				ASSETCATALOG_COMPILER_GENERATE_SWIFT_ASSET_SYMBOL_EXTENSIONS = YES;
				CLANG_ANALYZER_NONNULL = YES;
				CLANG_ANALYZER_NUMBER_OBJECT_CONVERSION = YES_AGGRESSIVE;
				CLANG_CXX_LANGUAGE_STANDARD = "gnu++20";
				CLANG_ENABLE_MODULES = YES;
				CLANG_ENABLE_OBJC_ARC = YES;
				CLANG_ENABLE_OBJC_WEAK = YES;
				CLANG_WARN_BLOCK_CAPTURE_AUTORELEASING = YES;
				CLANG_WARN_BOOL_CONVERSION = YES;
				CLANG_WARN_COMMA = YES;
				CLANG_WARN_CONSTANT_CONVERSION = YES;
				CLANG_WARN_DEPRECATED_OBJC_IMPLEMENTATIONS = YES;
				CLANG_WARN_DIRECT_OBJC_ISA_USAGE = YES_ERROR;
				CLANG_WARN_DOCUMENTATION_COMMENTS = YES;
				CLANG_WARN_EMPTY_BODY = YES;
				CLANG_WARN_ENUM_CONVERSION = YES;
				CLANG_WARN_INFINITE_RECURSION = YES;
				CLANG_WARN_INT_CONVERSION = YES;
				CLANG_WARN_NON_LITERAL_NULL_CONVERSION = YES;
				CLANG_WARN_OBJC_IMPLICIT_RETAIN_SELF = YES;
				CLANG_WARN_OBJC_LITERAL_CONVERSION = YES;
				CLANG_WARN_OBJC_ROOT_CLASS = YES_ERROR;
				CLANG_WARN_QUOTED_INCLUDE_IN_FRAMEWORK_HEADER = YES;
				CLANG_WARN_RANGE_LOOP_ANALYSIS = YES;
				CLANG_WARN_STRICT_PROTOTYPES = YES;
				CLANG_WARN_SUSPICIOUS_MOVE = YES;
				CLANG_WARN_UNGUARDED_AVAILABILITY = YES_AGGRESSIVE;
				CLANG_WARN_UNREACHABLE_CODE = YES;
				CLANG_WARN__DUPLICATE_METHOD_MATCH = YES;
				COPY_PHASE_STRIP = NO;
				CURRENT_PROJECT_VERSION = 1;
				DEBUG_INFORMATION_FORMAT = "dwarf-with-dsym";
				DEVELOPMENT_TEAM = 4FW3Q8784L;
				ENABLE_NS_ASSERTIONS = NO;
				ENABLE_STRICT_OBJC_MSGSEND = YES;
				ENABLE_USER_SCRIPT_SANDBOXING = NO;
				GCC_C_LANGUAGE_STANDARD = gnu17;
				GCC_NO_COMMON_BLOCKS = YES;
				GCC_WARN_64_TO_32_BIT_CONVERSION = YES;
				GCC_WARN_ABOUT_RETURN_TYPE = YES_ERROR;
				GCC_WARN_UNDECLARED_SELECTOR = YES;
				GCC_WARN_UNINITIALIZED_AUTOS = YES_AGGRESSIVE;
				GCC_WARN_UNUSED_FUNCTION = YES;
				GCC_WARN_UNUSED_VARIABLE = YES;
				LOCALIZATION_PREFERS_STRING_CATALOGS = YES;
				MTL_ENABLE_DEBUG_INFO = NO;
				MTL_FAST_MATH = YES;
				SWIFT_COMPILATION_MODE = wholemodule;
				VERSIONING_SYSTEM = "apple-generic";
				VERSION_INFO_PREFIX = "";
			};
			name = Release;
		};
		198077912E5CA6C700CB501E /* Debug */ = {
			isa = XCBuildConfiguration;
			buildSettings = {
				CLANG_WARN_SUSPICIOUS_IMPLICIT_CONVERSION = YES;
				CODE_SIGN_STYLE = Automatic;
				DEAD_CODE_STRIPPING = YES;
				DEVELOPMENT_TEAM = 4FW3Q8784L;
				EXECUTABLE_PREFIX = lib;
				GCC_WARN_INHIBIT_ALL_WARNINGS = NO;
				GCC_WARN_SIGN_COMPARE = YES;
				GCC_WARN_UNKNOWN_PRAGMAS = YES;
				GCC_WARN_UNUSED_LABEL = YES;
				GCC_WARN_UNUSED_PARAMETER = YES;
				HEADER_SEARCH_PATHS = "include/**";
				LIBRARY_SEARCH_PATHS = (
					"${TARGET_BUILD_DIR}/**",
					"$(PROJECT_DIR)/${DESTINATION_PATH}",
				);
				MACOSX_DEPLOYMENT_TARGET = 10.12;
				OTHER_LDFLAGS = "-Wall";
				PRODUCT_NAME = "$(TARGET_NAME)";
				SDKROOT = macosx;
				SKIP_INSTALL = YES;
				SUPPORTED_PLATFORMS = "appletvos appletvsimulator iphoneos iphonesimulator macosx watchos watchsimulator";
				SUPPORTS_MACCATALYST = NO;
				TARGETED_DEVICE_FAMILY = "1,2,3,4";
			};
			name = Debug;
		};
		198077922E5CA6C700CB501E /* Release */ = {
			isa = XCBuildConfiguration;
			buildSettings = {
				CLANG_WARN_SUSPICIOUS_IMPLICIT_CONVERSION = YES;
				CODE_SIGN_STYLE = Automatic;
				DEAD_CODE_STRIPPING = YES;
				DEVELOPMENT_TEAM = 4FW3Q8784L;
				EXECUTABLE_PREFIX = lib;
				GCC_WARN_INHIBIT_ALL_WARNINGS = NO;
				GCC_WARN_SIGN_COMPARE = YES;
				GCC_WARN_UNKNOWN_PRAGMAS = YES;
				GCC_WARN_UNUSED_LABEL = YES;
				GCC_WARN_UNUSED_PARAMETER = YES;
				HEADER_SEARCH_PATHS = "include/**";
				LIBRARY_SEARCH_PATHS = (
					"${TARGET_BUILD_DIR}/**",
					"$(PROJECT_DIR)/${DESTINATION_PATH}",
				);
				MACOSX_DEPLOYMENT_TARGET = 10.12;
				OTHER_LDFLAGS = "-Wall";
				PRODUCT_NAME = "$(TARGET_NAME)";
				SDKROOT = macosx;
				SKIP_INSTALL = YES;
				SUPPORTED_PLATFORMS = "appletvos appletvsimulator iphoneos iphonesimulator macosx watchos watchsimulator";
				SUPPORTS_MACCATALYST = NO;
				TARGETED_DEVICE_FAMILY = "1,2,3,4";
			};
			name = Release;
		};
/* End XCBuildConfiguration section */

/* Begin XCConfigurationList section */
		1980775A2E5CA62F00CB501E /* Build configuration list for PBXProject "idevice++" */ = {
			isa = XCConfigurationList;
			buildConfigurations = (
				198077672E5CA63000CB501E /* Debug */,
				198077682E5CA63000CB501E /* Release */,
			);
			defaultConfigurationIsVisible = 0;
			defaultConfigurationName = Release;
		};
		198077902E5CA6C700CB501E /* Build configuration list for PBXNativeTarget "idevice++" */ = {
			isa = XCConfigurationList;
			buildConfigurations = (
				198077912E5CA6C700CB501E /* Debug */,
				198077922E5CA6C700CB501E /* Release */,
			);
			defaultConfigurationIsVisible = 0;
			defaultConfigurationName = Release;
		};
/* End XCConfigurationList section */
	};
	rootObject = 198077572E5CA62F00CB501E /* Project object */;
}
